// !$*UTF8*$!
{
	archiveVersion = 1;
	classes = {
	};
	objectVersion = 46;
	objects = {

/* Begin PBXBuildFile section */
		3680C15D19AE28A0001B9459 /* Foundation.framework in Frameworks */ = {isa = PBXBuildFile; fileRef = 3680C15C19AE28A0001B9459 /* Foundation.framework */; };
		3680C15F19AE28A0001B9459 /* CoreGraphics.framework in Frameworks */ = {isa = PBXBuildFile; fileRef = 3680C15E19AE28A0001B9459 /* CoreGraphics.framework */; };
		3680C16119AE28A0001B9459 /* UIKit.framework in Frameworks */ = {isa = PBXBuildFile; fileRef = 3680C16019AE28A0001B9459 /* UIKit.framework */; };
		3680C16719AE28A0001B9459 /* InfoPlist.strings in Resources */ = {isa = PBXBuildFile; fileRef = 3680C16519AE28A0001B9459 /* InfoPlist.strings */; };
		3680C16919AE28A0001B9459 /* main.m in Sources */ = {isa = PBXBuildFile; fileRef = 3680C16819AE28A0001B9459 /* main.m */; };
		3680C17519AE28A0001B9459 /* Images.xcassets in Resources */ = {isa = PBXBuildFile; fileRef = 3680C17419AE28A0001B9459 /* Images.xcassets */; };
		3680C17C19AE28A0001B9459 /* XCTest.framework in Frameworks */ = {isa = PBXBuildFile; fileRef = 3680C17B19AE28A0001B9459 /* XCTest.framework */; };
		3680C17D19AE28A0001B9459 /* Foundation.framework in Frameworks */ = {isa = PBXBuildFile; fileRef = 3680C15C19AE28A0001B9459 /* Foundation.framework */; };
		3680C17E19AE28A0001B9459 /* UIKit.framework in Frameworks */ = {isa = PBXBuildFile; fileRef = 3680C16019AE28A0001B9459 /* UIKit.framework */; };
		3680C18619AE28A0001B9459 /* InfoPlist.strings in Resources */ = {isa = PBXBuildFile; fileRef = 3680C18419AE28A0001B9459 /* InfoPlist.strings */; };
		3680C18819AE28A0001B9459 /* WeatherAppTests.m in Sources */ = {isa = PBXBuildFile; fileRef = 3680C18719AE28A0001B9459 /* WeatherAppTests.m */; };
		3680C1A619AE2904001B9459 /* NSDate+Extensions.m in Sources */ = {isa = PBXBuildFile; fileRef = 3680C19319AE2904001B9459 /* NSDate+Extensions.m */; };
		3680C1A719AE2904001B9459 /* WSAPIDownloader.m in Sources */ = {isa = PBXBuildFile; fileRef = 3680C19519AE2904001B9459 /* WSAPIDownloader.m */; };
		3680C1A919AE2904001B9459 /* WSForecast.m in Sources */ = {isa = PBXBuildFile; fileRef = 3680C19A19AE2904001B9459 /* WSForecast.m */; };
		3680C1AB19AE2904001B9459 /* WSCustomTableViewCell.m in Sources */ = {isa = PBXBuildFile; fileRef = 3680C19F19AE2904001B9459 /* WSCustomTableViewCell.m */; };
		3680C1AC19AE2904001B9459 /* WSDetailForcastViewController.m in Sources */ = {isa = PBXBuildFile; fileRef = 3680C1A119AE2904001B9459 /* WSDetailForcastViewController.m */; };
		3680C1AD19AE2904001B9459 /* WSDetailForcastViewController.xib in Resources */ = {isa = PBXBuildFile; fileRef = 3680C1A219AE2904001B9459 /* WSDetailForcastViewController.xib */; };
		3680C1AE19AE2904001B9459 /* WSMainViewController.m in Sources */ = {isa = PBXBuildFile; fileRef = 3680C1A419AE2904001B9459 /* WSMainViewController.m */; };
		3680C1AF19AE2904001B9459 /* WSMainViewController.xib in Resources */ = {isa = PBXBuildFile; fileRef = 3680C1A519AE2904001B9459 /* WSMainViewController.xib */; };
		3680C1B619AE2A28001B9459 /* first_stage.png in Resources */ = {isa = PBXBuildFile; fileRef = 3680C1B119AE2A28001B9459 /* first_stage.png */; };
		3680C1B719AE2A28001B9459 /* ic_home_location.png in Resources */ = {isa = PBXBuildFile; fileRef = 3680C1B219AE2A28001B9459 /* ic_home_location.png */; };
		3680C1B919AE2A28001B9459 /* wathericons_0007_Layer-18.png in Resources */ = {isa = PBXBuildFile; fileRef = 3680C1B419AE2A28001B9459 /* wathericons_0007_Layer-18.png */; };
		3680C1BA19AE2A28001B9459 /* wathericons_0012_Layer-16.png in Resources */ = {isa = PBXBuildFile; fileRef = 3680C1B519AE2A28001B9459 /* wathericons_0012_Layer-16.png */; };
		3680C1BF19AE2B12001B9459 /* WSAppDelegate.m in Sources */ = {isa = PBXBuildFile; fileRef = 3680C1BE19AE2B12001B9459 /* WSAppDelegate.m */; };
		3680C1C119AE2E97001B9459 /* Cities.plist in Resources */ = {isa = PBXBuildFile; fileRef = 3680C1C019AE2E97001B9459 /* Cities.plist */; };
		36914EA319AF3A9300F6F09E /* WSCityForecast.m in Sources */ = {isa = PBXBuildFile; fileRef = 36914EA219AF3A9300F6F09E /* WSCityForecast.m */; };
		36914EA619AF3BE000F6F09E /* WSCityForcastTableViewCell.m in Sources */ = {isa = PBXBuildFile; fileRef = 36914EA519AF3BE000F6F09E /* WSCityForcastTableViewCell.m */; };
/* End PBXBuildFile section */

/* Begin PBXContainerItemProxy section */
		3680C17F19AE28A0001B9459 /* PBXContainerItemProxy */ = {
			isa = PBXContainerItemProxy;
			containerPortal = 3680C15119AE28A0001B9459 /* Project object */;
			proxyType = 1;
			remoteGlobalIDString = 3680C15819AE28A0001B9459;
			remoteInfo = WeatherApp;
		};
/* End PBXContainerItemProxy section */

/* Begin PBXFileReference section */
		3680C15919AE28A0001B9459 /* WeatherApp.app */ = {isa = PBXFileReference; explicitFileType = wrapper.application; includeInIndex = 0; path = WeatherApp.app; sourceTree = BUILT_PRODUCTS_DIR; };
		3680C15C19AE28A0001B9459 /* Foundation.framework */ = {isa = PBXFileReference; lastKnownFileType = wrapper.framework; name = Foundation.framework; path = System/Library/Frameworks/Foundation.framework; sourceTree = SDKROOT; };
		3680C15E19AE28A0001B9459 /* CoreGraphics.framework */ = {isa = PBXFileReference; lastKnownFileType = wrapper.framework; name = CoreGraphics.framework; path = System/Library/Frameworks/CoreGraphics.framework; sourceTree = SDKROOT; };
		3680C16019AE28A0001B9459 /* UIKit.framework */ = {isa = PBXFileReference; lastKnownFileType = wrapper.framework; name = UIKit.framework; path = System/Library/Frameworks/UIKit.framework; sourceTree = SDKROOT; };
		3680C16419AE28A0001B9459 /* WeatherApp-Info.plist */ = {isa = PBXFileReference; lastKnownFileType = text.plist.xml; path = "WeatherApp-Info.plist"; sourceTree = "<group>"; };
		3680C16619AE28A0001B9459 /* en */ = {isa = PBXFileReference; lastKnownFileType = text.plist.strings; name = en; path = en.lproj/InfoPlist.strings; sourceTree = "<group>"; };
		3680C16819AE28A0001B9459 /* main.m */ = {isa = PBXFileReference; lastKnownFileType = sourcecode.c.objc; path = main.m; sourceTree = "<group>"; };
		3680C16A19AE28A0001B9459 /* WeatherApp-Prefix.pch */ = {isa = PBXFileReference; lastKnownFileType = sourcecode.c.h; path = "WeatherApp-Prefix.pch"; sourceTree = "<group>"; };
		3680C17419AE28A0001B9459 /* Images.xcassets */ = {isa = PBXFileReference; lastKnownFileType = folder.assetcatalog; path = Images.xcassets; sourceTree = "<group>"; };
		3680C17A19AE28A0001B9459 /* WeatherAppTests.xctest */ = {isa = PBXFileReference; explicitFileType = wrapper.cfbundle; includeInIndex = 0; path = WeatherAppTests.xctest; sourceTree = BUILT_PRODUCTS_DIR; };
		3680C17B19AE28A0001B9459 /* XCTest.framework */ = {isa = PBXFileReference; lastKnownFileType = wrapper.framework; name = XCTest.framework; path = Library/Frameworks/XCTest.framework; sourceTree = DEVELOPER_DIR; };
		3680C18319AE28A0001B9459 /* WeatherAppTests-Info.plist */ = {isa = PBXFileReference; lastKnownFileType = text.plist.xml; path = "WeatherAppTests-Info.plist"; sourceTree = "<group>"; };
		3680C18519AE28A0001B9459 /* en */ = {isa = PBXFileReference; lastKnownFileType = text.plist.strings; name = en; path = en.lproj/InfoPlist.strings; sourceTree = "<group>"; };
		3680C18719AE28A0001B9459 /* WeatherAppTests.m */ = {isa = PBXFileReference; lastKnownFileType = sourcecode.c.objc; path = WeatherAppTests.m; sourceTree = "<group>"; };
		3680C19219AE2904001B9459 /* NSDate+Extensions.h */ = {isa = PBXFileReference; fileEncoding = 4; lastKnownFileType = sourcecode.c.h; path = "NSDate+Extensions.h"; sourceTree = "<group>"; };
		3680C19319AE2904001B9459 /* NSDate+Extensions.m */ = {isa = PBXFileReference; fileEncoding = 4; lastKnownFileType = sourcecode.c.objc; path = "NSDate+Extensions.m"; sourceTree = "<group>"; };
		3680C19419AE2904001B9459 /* WSAPIDownloader.h */ = {isa = PBXFileReference; fileEncoding = 4; lastKnownFileType = sourcecode.c.h; path = WSAPIDownloader.h; sourceTree = "<group>"; };
		3680C19519AE2904001B9459 /* WSAPIDownloader.m */ = {isa = PBXFileReference; fileEncoding = 4; lastKnownFileType = sourcecode.c.objc; path = WSAPIDownloader.m; sourceTree = "<group>"; };
		3680C19919AE2904001B9459 /* WSForecast.h */ = {isa = PBXFileReference; fileEncoding = 4; lastKnownFileType = sourcecode.c.h; path = WSForecast.h; sourceTree = "<group>"; };
		3680C19A19AE2904001B9459 /* WSForecast.m */ = {isa = PBXFileReference; fileEncoding = 4; lastKnownFileType = sourcecode.c.objc; path = WSForecast.m; sourceTree = "<group>"; };
		3680C19E19AE2904001B9459 /* WSCustomTableViewCell.h */ = {isa = PBXFileReference; fileEncoding = 4; lastKnownFileType = sourcecode.c.h; path = WSCustomTableViewCell.h; sourceTree = "<group>"; };
		3680C19F19AE2904001B9459 /* WSCustomTableViewCell.m */ = {isa = PBXFileReference; fileEncoding = 4; lastKnownFileType = sourcecode.c.objc; path = WSCustomTableViewCell.m; sourceTree = "<group>"; };
		3680C1A019AE2904001B9459 /* WSDetailForcastViewController.h */ = {isa = PBXFileReference; fileEncoding = 4; lastKnownFileType = sourcecode.c.h; path = WSDetailForcastViewController.h; sourceTree = "<group>"; };
		3680C1A119AE2904001B9459 /* WSDetailForcastViewController.m */ = {isa = PBXFileReference; fileEncoding = 4; lastKnownFileType = sourcecode.c.objc; path = WSDetailForcastViewController.m; sourceTree = "<group>"; };
		3680C1A219AE2904001B9459 /* WSDetailForcastViewController.xib */ = {isa = PBXFileReference; fileEncoding = 4; lastKnownFileType = file.xib; path = WSDetailForcastViewController.xib; sourceTree = "<group>"; };
		3680C1A319AE2904001B9459 /* WSMainViewController.h */ = {isa = PBXFileReference; fileEncoding = 4; lastKnownFileType = sourcecode.c.h; path = WSMainViewController.h; sourceTree = "<group>"; };
		3680C1A419AE2904001B9459 /* WSMainViewController.m */ = {isa = PBXFileReference; fileEncoding = 4; lastKnownFileType = sourcecode.c.objc; path = WSMainViewController.m; sourceTree = "<group>"; };
		3680C1A519AE2904001B9459 /* WSMainViewController.xib */ = {isa = PBXFileReference; fileEncoding = 4; lastKnownFileType = file.xib; path = WSMainViewController.xib; sourceTree = "<group>"; };
		3680C1B119AE2A28001B9459 /* first_stage.png */ = {isa = PBXFileReference; lastKnownFileType = image.png; path = first_stage.png; sourceTree = "<group>"; };
		3680C1B219AE2A28001B9459 /* ic_home_location.png */ = {isa = PBXFileReference; lastKnownFileType = image.png; path = ic_home_location.png; sourceTree = "<group>"; };
		3680C1B419AE2A28001B9459 /* wathericons_0007_Layer-18.png */ = {isa = PBXFileReference; lastKnownFileType = image.png; path = "wathericons_0007_Layer-18.png"; sourceTree = "<group>"; };
		3680C1B519AE2A28001B9459 /* wathericons_0012_Layer-16.png */ = {isa = PBXFileReference; lastKnownFileType = image.png; path = "wathericons_0012_Layer-16.png"; sourceTree = "<group>"; };
		3680C1BD19AE2B12001B9459 /* WSAppDelegate.h */ = {isa = PBXFileReference; fileEncoding = 4; lastKnownFileType = sourcecode.c.h; path = WSAppDelegate.h; sourceTree = "<group>"; };
		3680C1BE19AE2B12001B9459 /* WSAppDelegate.m */ = {isa = PBXFileReference; fileEncoding = 4; lastKnownFileType = sourcecode.c.objc; path = WSAppDelegate.m; sourceTree = "<group>"; };
		3680C1C019AE2E97001B9459 /* Cities.plist */ = {isa = PBXFileReference; fileEncoding = 4; lastKnownFileType = text.plist.xml; path = Cities.plist; sourceTree = "<group>"; };
		36914EA119AF3A9300F6F09E /* WSCityForecast.h */ = {isa = PBXFileReference; fileEncoding = 4; lastKnownFileType = sourcecode.c.h; path = WSCityForecast.h; sourceTree = "<group>"; };
		36914EA219AF3A9300F6F09E /* WSCityForecast.m */ = {isa = PBXFileReference; fileEncoding = 4; lastKnownFileType = sourcecode.c.objc; path = WSCityForecast.m; sourceTree = "<group>"; };
		36914EA419AF3BE000F6F09E /* WSCityForcastTableViewCell.h */ = {isa = PBXFileReference; fileEncoding = 4; lastKnownFileType = sourcecode.c.h; path = WSCityForcastTableViewCell.h; sourceTree = "<group>"; };
		36914EA519AF3BE000F6F09E /* WSCityForcastTableViewCell.m */ = {isa = PBXFileReference; fileEncoding = 4; lastKnownFileType = sourcecode.c.objc; path = WSCityForcastTableViewCell.m; sourceTree = "<group>"; };
		36B22DE119B08198002D8E13 /* Constants.h */ = {isa = PBXFileReference; fileEncoding = 4; lastKnownFileType = sourcecode.c.h; path = Constants.h; sourceTree = "<group>"; };
/* End PBXFileReference section */

/* Begin PBXFrameworksBuildPhase section */
		3680C15619AE28A0001B9459 /* Frameworks */ = {
			isa = PBXFrameworksBuildPhase;
			buildActionMask = 2147483647;
			files = (
				3680C15F19AE28A0001B9459 /* CoreGraphics.framework in Frameworks */,
				3680C16119AE28A0001B9459 /* UIKit.framework in Frameworks */,
				3680C15D19AE28A0001B9459 /* Foundation.framework in Frameworks */,
			);
			runOnlyForDeploymentPostprocessing = 0;
		};
		3680C17719AE28A0001B9459 /* Frameworks */ = {
			isa = PBXFrameworksBuildPhase;
			buildActionMask = 2147483647;
			files = (
				3680C17C19AE28A0001B9459 /* XCTest.framework in Frameworks */,
				3680C17E19AE28A0001B9459 /* UIKit.framework in Frameworks */,
				3680C17D19AE28A0001B9459 /* Foundation.framework in Frameworks */,
			);
			runOnlyForDeploymentPostprocessing = 0;
		};
/* End PBXFrameworksBuildPhase section */

/* Begin PBXGroup section */
		3680C15019AE28A0001B9459 = {
			isa = PBXGroup;
			children = (
				3680C16219AE28A0001B9459 /* WeatherApp */,
				3680C18119AE28A0001B9459 /* WeatherAppTests */,
				3680C15B19AE28A0001B9459 /* Frameworks */,
				3680C15A19AE28A0001B9459 /* Products */,
			);
			sourceTree = "<group>";
		};
		3680C15A19AE28A0001B9459 /* Products */ = {
			isa = PBXGroup;
			children = (
				3680C15919AE28A0001B9459 /* WeatherApp.app */,
				3680C17A19AE28A0001B9459 /* WeatherAppTests.xctest */,
			);
			name = Products;
			sourceTree = "<group>";
		};
		3680C15B19AE28A0001B9459 /* Frameworks */ = {
			isa = PBXGroup;
			children = (
				3680C15C19AE28A0001B9459 /* Foundation.framework */,
				3680C15E19AE28A0001B9459 /* CoreGraphics.framework */,
				3680C16019AE28A0001B9459 /* UIKit.framework */,
				3680C17B19AE28A0001B9459 /* XCTest.framework */,
			);
			name = Frameworks;
			sourceTree = "<group>";
		};
		3680C16219AE28A0001B9459 /* WeatherApp */ = {
			isa = PBXGroup;
			children = (
				3680C1BC19AE2B12001B9459 /* AppDelegate */,
				3680C19B19AE2904001B9459 /* ViewControllers */,
				3680C19819AE2904001B9459 /* Models */,
				3680C19119AE2904001B9459 /* Managers */,
				3680C16319AE28A0001B9459 /* Supporting Files */,
			);
			path = WeatherApp;
			sourceTree = "<group>";
		};
		3680C16319AE28A0001B9459 /* Supporting Files */ = {
			isa = PBXGroup;
			children = (
				3680C1B019AE2A28001B9459 /* Temp_Images */,
				3680C17419AE28A0001B9459 /* Images.xcassets */,
				3680C16419AE28A0001B9459 /* WeatherApp-Info.plist */,
				3680C16519AE28A0001B9459 /* InfoPlist.strings */,
				3680C16819AE28A0001B9459 /* main.m */,
				3680C16A19AE28A0001B9459 /* WeatherApp-Prefix.pch */,
				3680C1C019AE2E97001B9459 /* Cities.plist */,
				36B22DE119B08198002D8E13 /* Constants.h */,
			);
			name = "Supporting Files";
			sourceTree = "<group>";
		};
		3680C18119AE28A0001B9459 /* WeatherAppTests */ = {
			isa = PBXGroup;
			children = (
				3680C18719AE28A0001B9459 /* WeatherAppTests.m */,
				3680C18219AE28A0001B9459 /* Supporting Files */,
			);
			path = WeatherAppTests;
			sourceTree = "<group>";
		};
		3680C18219AE28A0001B9459 /* Supporting Files */ = {
			isa = PBXGroup;
			children = (
				3680C18319AE28A0001B9459 /* WeatherAppTests-Info.plist */,
				3680C18419AE28A0001B9459 /* InfoPlist.strings */,
			);
			name = "Supporting Files";
			sourceTree = "<group>";
		};
		3680C19119AE2904001B9459 /* Managers */ = {
			isa = PBXGroup;
			children = (
				3680C19219AE2904001B9459 /* NSDate+Extensions.h */,
				3680C19319AE2904001B9459 /* NSDate+Extensions.m */,
				3680C19419AE2904001B9459 /* WSAPIDownloader.h */,
				3680C19519AE2904001B9459 /* WSAPIDownloader.m */,
			);
			path = Managers;
			sourceTree = "<group>";
		};
		3680C19819AE2904001B9459 /* Models */ = {
			isa = PBXGroup;
			children = (
				3680C19919AE2904001B9459 /* WSForecast.h */,
				3680C19A19AE2904001B9459 /* WSForecast.m */,
				36914EA119AF3A9300F6F09E /* WSCityForecast.h */,
				36914EA219AF3A9300F6F09E /* WSCityForecast.m */,
			);
			path = Models;
			sourceTree = "<group>";
		};
		3680C19B19AE2904001B9459 /* ViewControllers */ = {
			isa = PBXGroup;
			children = (
				3680C1A319AE2904001B9459 /* WSMainViewController.h */,
				3680C1A419AE2904001B9459 /* WSMainViewController.m */,
				3680C1A519AE2904001B9459 /* WSMainViewController.xib */,
				36914EA419AF3BE000F6F09E /* WSCityForcastTableViewCell.h */,
				36914EA519AF3BE000F6F09E /* WSCityForcastTableViewCell.m */,
				3680C1A019AE2904001B9459 /* WSDetailForcastViewController.h */,
				3680C1A119AE2904001B9459 /* WSDetailForcastViewController.m */,
				3680C1A219AE2904001B9459 /* WSDetailForcastViewController.xib */,
				3680C19E19AE2904001B9459 /* WSCustomTableViewCell.h */,
				3680C19F19AE2904001B9459 /* WSCustomTableViewCell.m */,
			);
			path = ViewControllers;
			sourceTree = "<group>";
		};
		3680C1B019AE2A28001B9459 /* Temp_Images */ = {
			isa = PBXGroup;
			children = (
				3680C1B119AE2A28001B9459 /* first_stage.png */,
				3680C1B219AE2A28001B9459 /* ic_home_location.png */,
				3680C1B419AE2A28001B9459 /* wathericons_0007_Layer-18.png */,
				3680C1B519AE2A28001B9459 /* wathericons_0012_Layer-16.png */,
			);
			path = Temp_Images;
			sourceTree = "<group>";
		};
		3680C1BC19AE2B12001B9459 /* AppDelegate */ = {
			isa = PBXGroup;
			children = (
				3680C1BD19AE2B12001B9459 /* WSAppDelegate.h */,
				3680C1BE19AE2B12001B9459 /* WSAppDelegate.m */,
			);
			path = AppDelegate;
			sourceTree = "<group>";
		};
/* End PBXGroup section */

/* Begin PBXNativeTarget section */
		3680C15819AE28A0001B9459 /* WeatherApp */ = {
			isa = PBXNativeTarget;
			buildConfigurationList = 3680C18B19AE28A0001B9459 /* Build configuration list for PBXNativeTarget "WeatherApp" */;
			buildPhases = (
				3680C15519AE28A0001B9459 /* Sources */,
				3680C15619AE28A0001B9459 /* Frameworks */,
				3680C15719AE28A0001B9459 /* Resources */,
			);
			buildRules = (
			);
			dependencies = (
			);
			name = WeatherApp;
			productName = WeatherApp;
			productReference = 3680C15919AE28A0001B9459 /* WeatherApp.app */;
			productType = "com.apple.product-type.application";
		};
		3680C17919AE28A0001B9459 /* WeatherAppTests */ = {
			isa = PBXNativeTarget;
			buildConfigurationList = 3680C18E19AE28A0001B9459 /* Build configuration list for PBXNativeTarget "WeatherAppTests" */;
			buildPhases = (
				3680C17619AE28A0001B9459 /* Sources */,
				3680C17719AE28A0001B9459 /* Frameworks */,
				3680C17819AE28A0001B9459 /* Resources */,
			);
			buildRules = (
			);
			dependencies = (
				3680C18019AE28A0001B9459 /* PBXTargetDependency */,
			);
			name = WeatherAppTests;
			productName = WeatherAppTests;
			productReference = 3680C17A19AE28A0001B9459 /* WeatherAppTests.xctest */;
			productType = "com.apple.product-type.bundle.unit-test";
		};
/* End PBXNativeTarget section */

/* Begin PBXProject section */
		3680C15119AE28A0001B9459 /* Project object */ = {
			isa = PBXProject;
			attributes = {
				CLASSPREFIX = WS;
				LastUpgradeCheck = 0510;
				ORGANIZATIONNAME = Shri;
				TargetAttributes = {
					3680C17919AE28A0001B9459 = {
						TestTargetID = 3680C15819AE28A0001B9459;
					};
				};
			};
			buildConfigurationList = 3680C15419AE28A0001B9459 /* Build configuration list for PBXProject "WeatherApp" */;
			compatibilityVersion = "Xcode 3.2";
			developmentRegion = English;
			hasScannedForEncodings = 0;
			knownRegions = (
				en,
				Base,
			);
			mainGroup = 3680C15019AE28A0001B9459;
			productRefGroup = 3680C15A19AE28A0001B9459 /* Products */;
			projectDirPath = "";
			projectRoot = "";
			targets = (
				3680C15819AE28A0001B9459 /* WeatherApp */,
				3680C17919AE28A0001B9459 /* WeatherAppTests */,
			);
		};
/* End PBXProject section */

/* Begin PBXResourcesBuildPhase section */
		3680C15719AE28A0001B9459 /* Resources */ = {
			isa = PBXResourcesBuildPhase;
			buildActionMask = 2147483647;
			files = (
				3680C1AF19AE2904001B9459 /* WSMainViewController.xib in Resources */,
				3680C1BA19AE2A28001B9459 /* wathericons_0012_Layer-16.png in Resources */,
				3680C1AD19AE2904001B9459 /* WSDetailForcastViewController.xib in Resources */,
				3680C1B619AE2A28001B9459 /* first_stage.png in Resources */,
				3680C1B719AE2A28001B9459 /* ic_home_location.png in Resources */,
				3680C1C119AE2E97001B9459 /* Cities.plist in Resources */,
				3680C17519AE28A0001B9459 /* Images.xcassets in Resources */,
				3680C16719AE28A0001B9459 /* InfoPlist.strings in Resources */,
				3680C1B919AE2A28001B9459 /* wathericons_0007_Layer-18.png in Resources */,
			);
			runOnlyForDeploymentPostprocessing = 0;
		};
		3680C17819AE28A0001B9459 /* Resources */ = {
			isa = PBXResourcesBuildPhase;
			buildActionMask = 2147483647;
			files = (
				3680C18619AE28A0001B9459 /* InfoPlist.strings in Resources */,
			);
			runOnlyForDeploymentPostprocessing = 0;
		};
/* End PBXResourcesBuildPhase section */

/* Begin PBXSourcesBuildPhase section */
		3680C15519AE28A0001B9459 /* Sources */ = {
			isa = PBXSourcesBuildPhase;
			buildActionMask = 2147483647;
			files = (
				3680C1AB19AE2904001B9459 /* WSCustomTableViewCell.m in Sources */,
				3680C1A719AE2904001B9459 /* WSAPIDownloader.m in Sources */,
				36914EA319AF3A9300F6F09E /* WSCityForecast.m in Sources */,
				3680C1BF19AE2B12001B9459 /* WSAppDelegate.m in Sources */,
				3680C1A919AE2904001B9459 /* WSForecast.m in Sources */,
				3680C1A619AE2904001B9459 /* NSDate+Extensions.m in Sources */,
				3680C16919AE28A0001B9459 /* main.m in Sources */,
				36914EA619AF3BE000F6F09E /* WSCityForcastTableViewCell.m in Sources */,
				3680C1AC19AE2904001B9459 /* WSDetailForcastViewController.m in Sources */,
				3680C1AE19AE2904001B9459 /* WSMainViewController.m in Sources */,
			);
			runOnlyForDeploymentPostprocessing = 0;
		};
		3680C17619AE28A0001B9459 /* Sources */ = {
			isa = PBXSourcesBuildPhase;
			buildActionMask = 2147483647;
			files = (
				3680C18819AE28A0001B9459 /* WeatherAppTests.m in Sources */,
			);
			runOnlyForDeploymentPostprocessing = 0;
		};
/* End PBXSourcesBuildPhase section */

/* Begin PBXTargetDependency section */
		3680C18019AE28A0001B9459 /* PBXTargetDependency */ = {
			isa = PBXTargetDependency;
			target = 3680C15819AE28A0001B9459 /* WeatherApp */;
			targetProxy = 3680C17F19AE28A0001B9459 /* PBXContainerItemProxy */;
		};
/* End PBXTargetDependency section */

/* Begin PBXVariantGroup section */
		3680C16519AE28A0001B9459 /* InfoPlist.strings */ = {
			isa = PBXVariantGroup;
			children = (
				3680C16619AE28A0001B9459 /* en */,
			);
			name = InfoPlist.strings;
			sourceTree = "<group>";
		};
		3680C18419AE28A0001B9459 /* InfoPlist.strings */ = {
			isa = PBXVariantGroup;
			children = (
				3680C18519AE28A0001B9459 /* en */,
			);
			name = InfoPlist.strings;
			sourceTree = "<group>";
		};
/* End PBXVariantGroup section */

/* Begin XCBuildConfiguration section */
		3680C18919AE28A0001B9459 /* Debug */ = {
			isa = XCBuildConfiguration;
			buildSettings = {
				ALWAYS_SEARCH_USER_PATHS = NO;
				CLANG_CXX_LANGUAGE_STANDARD = "gnu++0x";
				CLANG_CXX_LIBRARY = "libc++";
				CLANG_ENABLE_MODULES = YES;
				CLANG_ENABLE_OBJC_ARC = YES;
				CLANG_WARN_BOOL_CONVERSION = YES;
				CLANG_WARN_CONSTANT_CONVERSION = YES;
				CLANG_WARN_DIRECT_OBJC_ISA_USAGE = YES_ERROR;
				CLANG_WARN_EMPTY_BODY = YES;
				CLANG_WARN_ENUM_CONVERSION = YES;
				CLANG_WARN_INT_CONVERSION = YES;
				CLANG_WARN_OBJC_ROOT_CLASS = YES_ERROR;
				CLANG_WARN__DUPLICATE_METHOD_MATCH = YES;
				"CODE_SIGN_IDENTITY[sdk=iphoneos*]" = "iPhone Developer";
				COPY_PHASE_STRIP = NO;
				GCC_C_LANGUAGE_STANDARD = gnu99;
				GCC_DYNAMIC_NO_PIC = NO;
				GCC_OPTIMIZATION_LEVEL = 0;
				GCC_PREPROCESSOR_DEFINITIONS = (
					"DEBUG=1",
					"$(inherited)",
				);
				GCC_SYMBOLS_PRIVATE_EXTERN = NO;
				GCC_WARN_64_TO_32_BIT_CONVERSION = YES;
				GCC_WARN_ABOUT_RETURN_TYPE = YES_ERROR;
				GCC_WARN_UNDECLARED_SELECTOR = YES;
				GCC_WARN_UNINITIALIZED_AUTOS = YES_AGGRESSIVE;
				GCC_WARN_UNUSED_FUNCTION = YES;
				GCC_WARN_UNUSED_VARIABLE = YES;
				IPHONEOS_DEPLOYMENT_TARGET = 7.1;
				ONLY_ACTIVE_ARCH = YES;
				SDKROOT = iphoneos;
			};
			name = Debug;
		};
		3680C18A19AE28A0001B9459 /* Release */ = {
			isa = XCBuildConfiguration;
			buildSettings = {
				ALWAYS_SEARCH_USER_PATHS = NO;
				CLANG_CXX_LANGUAGE_STANDARD = "gnu++0x";
				CLANG_CXX_LIBRARY = "libc++";
				CLANG_ENABLE_MODULES = YES;
				CLANG_ENABLE_OBJC_ARC = YES;
				CLANG_WARN_BOOL_CONVERSION = YES;
				CLANG_WARN_CONSTANT_CONVERSION = YES;
				CLANG_WARN_DIRECT_OBJC_ISA_USAGE = YES_ERROR;
				CLANG_WARN_EMPTY_BODY = YES;
				CLANG_WARN_ENUM_CONVERSION = YES;
				CLANG_WARN_INT_CONVERSION = YES;
				CLANG_WARN_OBJC_ROOT_CLASS = YES_ERROR;
				CLANG_WARN__DUPLICATE_METHOD_MATCH = YES;
				"CODE_SIGN_IDENTITY[sdk=iphoneos*]" = "iPhone Developer";
				COPY_PHASE_STRIP = YES;
				ENABLE_NS_ASSERTIONS = NO;
				GCC_C_LANGUAGE_STANDARD = gnu99;
				GCC_WARN_64_TO_32_BIT_CONVERSION = YES;
				GCC_WARN_ABOUT_RETURN_TYPE = YES_ERROR;
				GCC_WARN_UNDECLARED_SELECTOR = YES;
				GCC_WARN_UNINITIALIZED_AUTOS = YES_AGGRESSIVE;
				GCC_WARN_UNUSED_FUNCTION = YES;
				GCC_WARN_UNUSED_VARIABLE = YES;
				IPHONEOS_DEPLOYMENT_TARGET = 7.1;
				SDKROOT = iphoneos;
				VALIDATE_PRODUCT = YES;
			};
			name = Release;
		};
		3680C18C19AE28A0001B9459 /* Debug */ = {
			isa = XCBuildConfiguration;
			buildSettings = {
				ASSETCATALOG_COMPILER_APPICON_NAME = AppIcon;
				ASSETCATALOG_COMPILER_LAUNCHIMAGE_NAME = LaunchImage;
				GCC_PRECOMPILE_PREFIX_HEADER = YES;
				GCC_PREFIX_HEADER = "WeatherApp/WeatherApp-Prefix.pch";
				INFOPLIST_FILE = "WeatherApp/WeatherApp-Info.plist";
				PRODUCT_NAME = "$(TARGET_NAME)";
				WRAPPER_EXTENSION = app;
			};
			name = Debug;
		};
		3680C18D19AE28A0001B9459 /* Release */ = {
			isa = XCBuildConfiguration;
			buildSettings = {
				ASSETCATALOG_COMPILER_APPICON_NAME = AppIcon;
				ASSETCATALOG_COMPILER_LAUNCHIMAGE_NAME = LaunchImage;
				GCC_PRECOMPILE_PREFIX_HEADER = YES;
				GCC_PREFIX_HEADER = "WeatherApp/WeatherApp-Prefix.pch";
				INFOPLIST_FILE = "WeatherApp/WeatherApp-Info.plist";
				PRODUCT_NAME = "$(TARGET_NAME)";
				WRAPPER_EXTENSION = app;
			};
			name = Release;
		};
		3680C18F19AE28A0001B9459 /* Debug */ = {
			isa = XCBuildConfiguration;
			buildSettings = {
				BUNDLE_LOADER = "$(BUILT_PRODUCTS_DIR)/WeatherApp.app/WeatherApp";
				FRAMEWORK_SEARCH_PATHS = (
					"$(SDKROOT)/Developer/Library/Frameworks",
					"$(inherited)",
					"$(DEVELOPER_FRAMEWORKS_DIR)",
				);
				GCC_PRECOMPILE_PREFIX_HEADER = YES;
				GCC_PREFIX_HEADER = "WeatherApp/WeatherApp-Prefix.pch";
				GCC_PREPROCESSOR_DEFINITIONS = (
					"DEBUG=1",
					"$(inherited)",
				);
				INFOPLIST_FILE = "WeatherAppTests/WeatherAppTests-Info.plist";
				PRODUCT_NAME = "$(TARGET_NAME)";
				TEST_HOST = "$(BUNDLE_LOADER)";
				WRAPPER_EXTENSION = xctest;
			};
			name = Debug;
		};
		3680C19019AE28A0001B9459 /* Release */ = {
			isa = XCBuildConfiguration;
			buildSettings = {
				BUNDLE_LOADER = "$(BUILT_PRODUCTS_DIR)/WeatherApp.app/WeatherApp";
				FRAMEWORK_SEARCH_PATHS = (
					"$(SDKROOT)/Developer/Library/Frameworks",
					"$(inherited)",
					"$(DEVELOPER_FRAMEWORKS_DIR)",
				);
				GCC_PRECOMPILE_PREFIX_HEADER = YES;
				GCC_PREFIX_HEADER = "WeatherApp/WeatherApp-Prefix.pch";
				INFOPLIST_FILE = "WeatherAppTests/WeatherAppTests-Info.plist";
				PRODUCT_NAME = "$(TARGET_NAME)";
				TEST_HOST = "$(BUNDLE_LOADER)";
				WRAPPER_EXTENSION = xctest;
			};
			name = Release;
		};
/* End XCBuildConfiguration section */

/* Begin XCConfigurationList section */
		3680C15419AE28A0001B9459 /* Build configuration list for PBXProject "WeatherApp" */ = {
			isa = XCConfigurationList;
			buildConfigurations = (
				3680C18919AE28A0001B9459 /* Debug */,
				3680C18A19AE28A0001B9459 /* Release */,
			);
			defaultConfigurationIsVisible = 0;
			defaultConfigurationName = Release;
		};
		3680C18B19AE28A0001B9459 /* Build configuration list for PBXNativeTarget "WeatherApp" */ = {
			isa = XCConfigurationList;
			buildConfigurations = (
				3680C18C19AE28A0001B9459 /* Debug */,
				3680C18D19AE28A0001B9459 /* Release */,
			);
			defaultConfigurationIsVisible = 0;
			defaultConfigurationName = Release;
		};
		3680C18E19AE28A0001B9459 /* Build configuration list for PBXNativeTarget "WeatherAppTests" */ = {
			isa = XCConfigurationList;
			buildConfigurations = (
				3680C18F19AE28A0001B9459 /* Debug */,
				3680C19019AE28A0001B9459 /* Release */,
			);
			defaultConfigurationIsVisible = 0;
			defaultConfigurationName = Release;
		};
/* End XCConfigurationList section */
	};
	rootObject = 3680C15119AE28A0001B9459 /* Project object */;
}
